
Microsoft Visual Studio Solution File, Format Version 12.00
# Visual Studio 15
VisualStudioVersion = 15.0.28010.2036
MinimumVisualStudioVersion = 10.0.40219.1
Project("{8BC9CEB8-8B4A-11D0-8D11-00A0C91BC942}") = "question2", "question2\question2.vcxproj", "{D9215A97-85CE-4E37-AD17-00832CB5FF37}"
EndProject
Global
	GlobalSection(SolutionConfigurationPlatforms) = preSolution
		Debug|x64 = Debug|x64
		Debug|x86 = Debug|x86
		Release|x64 = Release|x64
		Release|x86 = Release|x86
	EndGlobalSection
	GlobalSection(ProjectConfigurationPlatforms) = postSolution
		{D9215A97-85CE-4E37-AD17-00832CB5FF37}.Debug|x64.ActiveCfg = Debug|x64
		{D9215A97-85CE-4E37-AD17-00832CB5FF37}.Debug|x64.Build.0 = Debug|x64
		{D9215A97-85CE-4E37-AD17-00832CB5FF37}.Debug|x86.ActiveCfg = Debug|Win32
		{D9215A97-85CE-4E37-AD17-00832CB5FF37}.Debug|x86.Build.0 = Debug|Win32
		{D9215A97-85CE-4E37-AD17-00832CB5FF37}.Release|x64.ActiveCfg = Release|x64
		{D9215A97-85CE-4E37-AD17-00832CB5FF37}.Release|x64.Build.0 = Release|x64
		{D9215A97-85CE-4E37-AD17-00832CB5FF37}.Release|x86.ActiveCfg = Release|Win32
		{D9215A97-85CE-4E37-AD17-00832CB5FF37}.Release|x86.Build.0 = Release|Win32
	EndGlobalSection
	GlobalSection(SolutionProperties) = preSolution
		HideSolutionNode = FALSE
	EndGlobalSection
	GlobalSection(ExtensibilityGlobals) = postSolution
		SolutionGuid = {DF4DDC8F-08DB-4320-8E54-3DE47F7922F9}
	EndGlobalSection
EndGlobal
