
Microsoft Visual Studio Solution File, Format Version 12.00
# Visual Studio 15
VisualStudioVersion = 15.0.28010.2036
MinimumVisualStudioVersion = 10.0.40219.1
Project("{8BC9CEB8-8B4A-11D0-8D11-00A0C91BC942}") = "overloads", "overloads\overloads.vcxproj", "{4F1276EE-83FD-4175-A9FB-E6C648CAB55A}"
EndProject
Global
	GlobalSection(SolutionConfigurationPlatforms) = preSolution
		Debug|x64 = Debug|x64
		Debug|x86 = Debug|x86
		Release|x64 = Release|x64
		Release|x86 = Release|x86
	EndGlobalSection
	GlobalSection(ProjectConfigurationPlatforms) = postSolution
		{4F1276EE-83FD-4175-A9FB-E6C648CAB55A}.Debug|x64.ActiveCfg = Debug|x64
		{4F1276EE-83FD-4175-A9FB-E6C648CAB55A}.Debug|x64.Build.0 = Debug|x64
		{4F1276EE-83FD-4175-A9FB-E6C648CAB55A}.Debug|x86.ActiveCfg = Debug|Win32
		{4F1276EE-83FD-4175-A9FB-E6C648CAB55A}.Debug|x86.Build.0 = Debug|Win32
		{4F1276EE-83FD-4175-A9FB-E6C648CAB55A}.Release|x64.ActiveCfg = Release|x64
		{4F1276EE-83FD-4175-A9FB-E6C648CAB55A}.Release|x64.Build.0 = Release|x64
		{4F1276EE-83FD-4175-A9FB-E6C648CAB55A}.Release|x86.ActiveCfg = Release|Win32
		{4F1276EE-83FD-4175-A9FB-E6C648CAB55A}.Release|x86.Build.0 = Release|Win32
	EndGlobalSection
	GlobalSection(SolutionProperties) = preSolution
		HideSolutionNode = FALSE
	EndGlobalSection
	GlobalSection(ExtensibilityGlobals) = postSolution
		SolutionGuid = {959E11C6-B4D0-4681-AEA4-D89BBA46A856}
	EndGlobalSection
EndGlobal
